version = 1
revision = 3
requires-python = "==3.11.*"

[[package]]
name = "altgraph"
version = "0.17.4"
source = { registry = "https://pypi.org/simple" }
sdist = { url = "https://files.pythonhosted.org/packages/de/a8/7145824cf0b9e3c28046520480f207df47e927df83aa9555fb47f8505922/altgraph-0.17.4.tar.gz", hash = "sha256:1b5afbb98f6c4dcadb2e2ae6ab9fa994bbb8c1d75f4fa96d340f9437ae454406", size = 48418, upload-time = "2023-09-25T09:04:52.164Z" }
wheels = [
    { url = "https://files.pythonhosted.org/packages/4d/3f/3bc3f1d83f6e4a7fcb834d3720544ca597590425be5ba9db032b2bf322a2/altgraph-0.17.4-py2.py3-none-any.whl", hash = "sha256:642743b4750de17e655e6711601b077bc6598dbfa3ba5fa2b2a35ce12b508dff", size = 21212, upload-time = "2023-09-25T09:04:50.691Z" },
]

[[package]]
name = "annotated-types"
version = "0.7.0"
source = { registry = "https://pypi.org/simple" }
sdist = { url = "https://files.pythonhosted.org/packages/ee/67/531ea369ba64dcff5ec9c3402f9f51bf748cec26dde048a2f973a4eea7f5/annotated_types-0.7.0.tar.gz", hash = "sha256:aff07c09a53a08bc8cfccb9c85b05f1aa9a2a6f23728d790723543408344ce89", size = 16081, upload-time = "2024-05-20T21:33:25.928Z" }
wheels = [
    { url = "https://files.pythonhosted.org/packages/78/b6/6307fbef88d9b5ee7421e68d78a9f162e0da4900bc5f5793f6d3d0e34fb8/annotated_types-0.7.0-py3-none-any.whl", hash = "sha256:1f02e8b43a8fbbc3f3e0d4f0f4bfc8131bcb4eebe8849b8e5c773f3a1c582a53", size = 13643, upload-time = "2024-05-20T21:33:24.1Z" },
]

[[package]]
name = "compress-pickle"
version = "2.1.0"
source = { registry = "https://pypi.org/simple" }
sdist = { url = "https://files.pythonhosted.org/packages/c8/23/a448abd4e98b64ad5b99537a2b4df3f6a829e6fac749afbaf921f89c0941/compress_pickle-2.1.0.tar.gz", hash = "sha256:3e944ce0eeab5b6331324d62351c957d41c9327c8417d439843e88fe69b77991", size = 16360, upload-time = "2021-09-21T18:13:58.57Z" }
wheels = [
    { url = "https://files.pythonhosted.org/packages/f3/4f/f94ac1b84d2169cf2ebf64353ce98fd743f85d30678059c514d9b3d6644c/compress_pickle-2.1.0-py3-none-any.whl", hash = "sha256:598650da4686d9bd97bee185b61e74d7fe1872bb0c23909d5ed2d8793b4a8818", size = 24694, upload-time = "2021-09-21T18:13:57.047Z" },
]

[package.optional-dependencies]
lz4 = [
    { name = "lz4" },
]

[[package]]
name = "et-xmlfile"
version = "2.0.0"
source = { registry = "https://pypi.org/simple" }
sdist = { url = "https://files.pythonhosted.org/packages/d3/38/af70d7ab1ae9d4da450eeec1fa3918940a5fafb9055e934af8d6eb0c2313/et_xmlfile-2.0.0.tar.gz", hash = "sha256:dab3f4764309081ce75662649be815c4c9081e88f0837825f90fd28317d4da54", size = 17234, upload-time = "2024-10-25T17:25:40.039Z" }
wheels = [
    { url = "https://files.pythonhosted.org/packages/c1/8b/5fe2cc11fee489817272089c4203e679c63b570a5aaeb18d852ae3cbba6a/et_xmlfile-2.0.0-py3-none-any.whl", hash = "sha256:7a91720bc756843502c3b7504c77b8fe44217c85c537d85037f0f536151b2caa", size = 18059, upload-time = "2024-10-25T17:25:39.051Z" },
]

[[package]]
name = "libeq"
version = "0.1.0"
source = { git = "https://github.com/Kastakin/libeq.git#c9d35ae5276ea664ca6f4fdf750a22a692424b0b" }
dependencies = [
    { name = "numpy" },
    { name = "pydantic" },
    { name = "pydantic-numpy" },
]

[[package]]
name = "lz4"
version = "4.4.3"
source = { registry = "https://pypi.org/simple" }
sdist = { url = "https://files.pythonhosted.org/packages/cc/bc/b2e79af05be82841706ddd7d78059e5f78e6ca5828f92034394b54e303b7/lz4-4.4.3.tar.gz", hash = "sha256:91ed5b71f9179bf3dbfe85d92b52d4b53de2e559aa4daa3b7de18e0dd24ad77d", size = 171848, upload-time = "2025-01-26T21:05:24.658Z" }
wheels = [
    { url = "https://files.pythonhosted.org/packages/6e/28/9b72434d3f41f49637138ff4545e3900b34ece8771e20b84d268b28f4d11/lz4-4.4.3-cp311-cp311-macosx_10_9_x86_64.whl", hash = "sha256:b1b98f0a4137d01b84c680813eef6198e1e00f1f28bc20ce7b5c436459a0d146", size = 220711, upload-time = "2025-01-26T21:04:48.606Z" },
    { url = "https://files.pythonhosted.org/packages/27/08/ab9008c869ad16f158255514e1870156cebf9c2bf0509aadfddeb5dc2183/lz4-4.4.3-cp311-cp311-macosx_11_0_arm64.whl", hash = "sha256:20e385cb8bd8321593788f11101d8c89a823a56191978e427e3c5141e129f14b", size = 189494, upload-time = "2025-01-26T21:04:50.275Z" },
    { url = "https://files.pythonhosted.org/packages/49/3c/00115af6394c26bb54f863eba5680fdb7962747944db0b1df6c757a61054/lz4-4.4.3-cp311-cp311-manylinux_2_17_x86_64.manylinux2014_x86_64.whl", hash = "sha256:5c9e32989df06c57f10aa09ad9b30e8a25baf1aefe850e13b0ea5de600477d6a", size = 1265694, upload-time = "2025-01-26T21:04:52.042Z" },
    { url = "https://files.pythonhosted.org/packages/e1/6d/693b58fe1fcb2118a5bb858417212bcc6b24794ccf3e9ffb4ccaab7ddf1c/lz4-4.4.3-cp311-cp311-manylinux_2_5_i686.manylinux1_i686.manylinux_2_17_i686.manylinux2014_i686.whl", hash = "sha256:c3d2d5df5476b065aae9d1ad551fdc7b17c151b84e8edd9212108946b2337c66", size = 1185404, upload-time = "2025-01-26T21:04:54.461Z" },
    { url = "https://files.pythonhosted.org/packages/80/c6/05179ce2968c434208f2a816de2ebef86b04249d77c694fdd7c8fba0d12b/lz4-4.4.3-cp311-cp311-win32.whl", hash = "sha256:e365850166729fa82be618f476966161d5c47ea081eafc4febfc542bc85bac5d", size = 88141, upload-time = "2025-01-26T21:04:56.576Z" },
    { url = "https://files.pythonhosted.org/packages/7c/b3/26e04a07a9f5d3f4682853d0bd4ebf1fc83ceb3c72cc55c50bbfbe15a0a2/lz4-4.4.3-cp311-cp311-win_amd64.whl", hash = "sha256:7f5c05bd4b0909b682608c453acc31f1a9170d55f56d27cd701213e0683fc66a", size = 99826, upload-time = "2025-01-26T21:04:58.624Z" },
]

[[package]]
name = "macholib"
version = "1.16.3"
source = { registry = "https://pypi.org/simple" }
dependencies = [
    { name = "altgraph" },
]
sdist = { url = "https://files.pythonhosted.org/packages/95/ee/af1a3842bdd5902ce133bd246eb7ffd4375c38642aeb5dc0ae3a0329dfa2/macholib-1.16.3.tar.gz", hash = "sha256:07ae9e15e8e4cd9a788013d81f5908b3609aa76f9b1421bae9c4d7606ec86a30", size = 59309, upload-time = "2023-09-25T09:10:16.155Z" }
wheels = [
    { url = "https://files.pythonhosted.org/packages/d1/5d/c059c180c84f7962db0aeae7c3b9303ed1d73d76f2bfbc32bc231c8be314/macholib-1.16.3-py2.py3-none-any.whl", hash = "sha256:0e315d7583d38b8c77e815b1ecbdbf504a8258d8b3e17b61165c6feb60d18f2c", size = 38094, upload-time = "2023-09-25T09:10:14.188Z" },
]

[[package]]
name = "numpy"
version = "1.26.4"
source = { registry = "https://pypi.org/simple" }
sdist = { url = "https://files.pythonhosted.org/packages/65/6e/09db70a523a96d25e115e71cc56a6f9031e7b8cd166c1ac8438307c14058/numpy-1.26.4.tar.gz", hash = "sha256:2a02aba9ed12e4ac4eb3ea9421c420301a0c6460d9830d74a9df87efa4912010", size = 15786129, upload-time = "2024-02-06T00:26:44.495Z" }
wheels = [
    { url = "https://files.pythonhosted.org/packages/11/57/baae43d14fe163fa0e4c47f307b6b2511ab8d7d30177c491960504252053/numpy-1.26.4-cp311-cp311-macosx_10_9_x86_64.whl", hash = "sha256:4c66707fabe114439db9068ee468c26bbdf909cac0fb58686a42a24de1760c71", size = 20630554, upload-time = "2024-02-05T23:51:50.149Z" },
    { url = "https://files.pythonhosted.org/packages/1a/2e/151484f49fd03944c4a3ad9c418ed193cfd02724e138ac8a9505d056c582/numpy-1.26.4-cp311-cp311-macosx_11_0_arm64.whl", hash = "sha256:edd8b5fe47dab091176d21bb6de568acdd906d1887a4584a15a9a96a1dca06ef", size = 13997127, upload-time = "2024-02-05T23:52:15.314Z" },
    { url = "https://files.pythonhosted.org/packages/79/ae/7e5b85136806f9dadf4878bf73cf223fe5c2636818ba3ab1c585d0403164/numpy-1.26.4-cp311-cp311-manylinux_2_17_aarch64.manylinux2014_aarch64.whl", hash = "sha256:7ab55401287bfec946ced39700c053796e7cc0e3acbef09993a9ad2adba6ca6e", size = 14222994, upload-time = "2024-02-05T23:52:47.569Z" },
    { url = "https://files.pythonhosted.org/packages/3a/d0/edc009c27b406c4f9cbc79274d6e46d634d139075492ad055e3d68445925/numpy-1.26.4-cp311-cp311-manylinux_2_17_x86_64.manylinux2014_x86_64.whl", hash = "sha256:666dbfb6ec68962c033a450943ded891bed2d54e6755e35e5835d63f4f6931d5", size = 18252005, upload-time = "2024-02-05T23:53:15.637Z" },
    { url = "https://files.pythonhosted.org/packages/09/bf/2b1aaf8f525f2923ff6cfcf134ae5e750e279ac65ebf386c75a0cf6da06a/numpy-1.26.4-cp311-cp311-musllinux_1_1_aarch64.whl", hash = "sha256:96ff0b2ad353d8f990b63294c8986f1ec3cb19d749234014f4e7eb0112ceba5a", size = 13885297, upload-time = "2024-02-05T23:53:42.16Z" },
    { url = "https://files.pythonhosted.org/packages/df/a0/4e0f14d847cfc2a633a1c8621d00724f3206cfeddeb66d35698c4e2cf3d2/numpy-1.26.4-cp311-cp311-musllinux_1_1_x86_64.whl", hash = "sha256:60dedbb91afcbfdc9bc0b1f3f402804070deed7392c23eb7a7f07fa857868e8a", size = 18093567, upload-time = "2024-02-05T23:54:11.696Z" },
    { url = "https://files.pythonhosted.org/packages/d2/b7/a734c733286e10a7f1a8ad1ae8c90f2d33bf604a96548e0a4a3a6739b468/numpy-1.26.4-cp311-cp311-win32.whl", hash = "sha256:1af303d6b2210eb850fcf03064d364652b7120803a0b872f5211f5234b399f20", size = 5968812, upload-time = "2024-02-05T23:54:26.453Z" },
    { url = "https://files.pythonhosted.org/packages/3f/6b/5610004206cf7f8e7ad91c5a85a8c71b2f2f8051a0c0c4d5916b76d6cbb2/numpy-1.26.4-cp311-cp311-win_amd64.whl", hash = "sha256:cd25bcecc4974d09257ffcd1f098ee778f7834c3ad767fe5db785be9a4aa9cb2", size = 15811913, upload-time = "2024-02-05T23:54:53.933Z" },
]

[[package]]
name = "openpyxl"
version = "3.1.5"
source = { registry = "https://pypi.org/simple" }
dependencies = [
    { name = "et-xmlfile" },
]
sdist = { url = "https://files.pythonhosted.org/packages/3d/f9/88d94a75de065ea32619465d2f77b29a0469500e99012523b91cc4141cd1/openpyxl-3.1.5.tar.gz", hash = "sha256:cf0e3cf56142039133628b5acffe8ef0c12bc902d2aadd3e0fe5878dc08d1050", size = 186464, upload-time = "2024-06-28T14:03:44.161Z" }
wheels = [
    { url = "https://files.pythonhosted.org/packages/c0/da/977ded879c29cbd04de313843e76868e6e13408a94ed6b987245dc7c8506/openpyxl-3.1.5-py2.py3-none-any.whl", hash = "sha256:5282c12b107bffeef825f4617dc029afaf41d0ea60823bbb665ef3079dc79de2", size = 250910, upload-time = "2024-06-28T14:03:41.161Z" },
]

[[package]]
name = "packaging"
version = "24.2"
source = { registry = "https://pypi.org/simple" }
sdist = { url = "https://files.pythonhosted.org/packages/d0/63/68dbb6eb2de9cb10ee4c9c14a0148804425e13c4fb20d61cce69f53106da/packaging-24.2.tar.gz", hash = "sha256:c228a6dc5e932d346bc5739379109d49e8853dd8223571c7c5b55260edc0b97f", size = 163950, upload-time = "2024-11-08T09:47:47.202Z" }
wheels = [
    { url = "https://files.pythonhosted.org/packages/88/ef/eb23f262cca3c0c4eb7ab1933c3b1f03d021f2c48f54763065b6f0e321be/packaging-24.2-py3-none-any.whl", hash = "sha256:09abb1bccd265c01f4a3aa3f7a7db064b36514d2cba19a2f694fe6150451a759", size = 65451, upload-time = "2024-11-08T09:47:44.722Z" },
]

[[package]]
name = "pandas"
version = "1.5.3"
source = { registry = "https://pypi.org/simple" }
dependencies = [
    { name = "numpy" },
    { name = "python-dateutil" },
    { name = "pytz" },
]
sdist = { url = "https://files.pythonhosted.org/packages/74/ee/146cab1ff6d575b54ace8a6a5994048380dc94879b0125b25e62edcb9e52/pandas-1.5.3.tar.gz", hash = "sha256:74a3fd7e5a7ec052f183273dc7b0acd3a863edf7520f5d3a1765c04ffdb3b0b1", size = 5203060, upload-time = "2023-01-19T08:31:39.615Z" }
wheels = [
    { url = "https://files.pythonhosted.org/packages/e2/24/a26af514113fd5eca2d8fe41ba4f22f70dfe6afefde4a6beb6a203570935/pandas-1.5.3-cp311-cp311-macosx_10_9_universal2.whl", hash = "sha256:6973549c01ca91ec96199e940495219c887ea815b2083722821f1d7abfa2b4dc", size = 18387750, upload-time = "2023-01-19T08:29:43.119Z" },
    { url = "https://files.pythonhosted.org/packages/53/c9/d2f910dace7ef849b626980d0fd033b9cded36568949c8d560c9630ad2e0/pandas-1.5.3-cp311-cp311-macosx_10_9_x86_64.whl", hash = "sha256:c39a8da13cede5adcd3be1182883aea1c925476f4e84b2807a46e2775306305d", size = 11868668, upload-time = "2023-01-19T08:29:48.733Z" },
    { url = "https://files.pythonhosted.org/packages/b0/be/1843b9aff84b98899663e7cad9f45513dfdd11d69cb5bd85c648aaf6a8d4/pandas-1.5.3-cp311-cp311-macosx_11_0_arm64.whl", hash = "sha256:f76d097d12c82a535fda9dfe5e8dd4127952b45fea9b0276cb30cca5ea313fbc", size = 10814036, upload-time = "2023-01-19T08:29:54.886Z" },
    { url = "https://files.pythonhosted.org/packages/63/8d/c2bd356b9d4baf1c5cf8d7e251fb4540e87083072c905430da48c2bb31eb/pandas-1.5.3-cp311-cp311-manylinux_2_17_aarch64.manylinux2014_aarch64.whl", hash = "sha256:e474390e60ed609cec869b0da796ad94f420bb057d86784191eefc62b65819ae", size = 11374218, upload-time = "2023-01-19T08:30:00.5Z" },
    { url = "https://files.pythonhosted.org/packages/56/73/3351beeb807dca69fcc3c4966bcccc51552bd01549a9b13c04ab00a43f21/pandas-1.5.3-cp311-cp311-manylinux_2_17_x86_64.manylinux2014_x86_64.whl", hash = "sha256:5f2b952406a1588ad4cad5b3f55f520e82e902388a6d5a4a91baa8d38d23c7f6", size = 12017319, upload-time = "2023-01-19T08:30:06.097Z" },
    { url = "https://files.pythonhosted.org/packages/da/6d/1235da14daddaa6e47f74ba0c255358f0ce7a6ee05da8bf8eb49161aa6b5/pandas-1.5.3-cp311-cp311-win_amd64.whl", hash = "sha256:bc4c368f42b551bf72fac35c5128963a171b40dce866fb066540eeaf46faa003", size = 10303385, upload-time = "2023-01-19T08:30:11.148Z" },
]

[[package]]
name = "pefile"
version = "2023.2.7"
source = { registry = "https://pypi.org/simple" }
sdist = { url = "https://files.pythonhosted.org/packages/78/c5/3b3c62223f72e2360737fd2a57c30e5b2adecd85e70276879609a7403334/pefile-2023.2.7.tar.gz", hash = "sha256:82e6114004b3d6911c77c3953e3838654b04511b8b66e8583db70c65998017dc", size = 74854, upload-time = "2023-02-07T12:23:55.958Z" }
wheels = [
    { url = "https://files.pythonhosted.org/packages/55/26/d0ad8b448476d0a1e8d3ea5622dc77b916db84c6aa3cb1e1c0965af948fc/pefile-2023.2.7-py3-none-any.whl", hash = "sha256:da185cd2af68c08a6cd4481f7325ed600a88f6a813bad9dea07ab3ef73d8d8d6", size = 71791, upload-time = "2023-02-07T12:28:36.678Z" },
]

[[package]]
name = "ppg"
version = "1.0.3"
source = { git = "ssh://git@github.com/Kastakin/ppg.git?rev=main#c862b1d628fee9078cfaaeda546005fdb631d1b6" }
dependencies = [
    { name = "pyinstaller" },
]

[[package]]
name = "pydantic"
version = "2.10.6"
source = { registry = "https://pypi.org/simple" }
dependencies = [
    { name = "annotated-types" },
    { name = "pydantic-core" },
    { name = "typing-extensions" },
]
sdist = { url = "https://files.pythonhosted.org/packages/b7/ae/d5220c5c52b158b1de7ca89fc5edb72f304a70a4c540c84c8844bf4008de/pydantic-2.10.6.tar.gz", hash = "sha256:ca5daa827cce33de7a42be142548b0096bf05a7e7b365aebfa5f8eeec7128236", size = 761681, upload-time = "2025-01-24T01:42:12.693Z" }
wheels = [
    { url = "https://files.pythonhosted.org/packages/f4/3c/8cc1cc84deffa6e25d2d0c688ebb80635dfdbf1dbea3e30c541c8cf4d860/pydantic-2.10.6-py3-none-any.whl", hash = "sha256:427d664bf0b8a2b34ff5dd0f5a18df00591adcee7198fbd71981054cef37b584", size = 431696, upload-time = "2025-01-24T01:42:10.371Z" },
]

[[package]]
name = "pydantic-core"
version = "2.27.2"
source = { registry = "https://pypi.org/simple" }
dependencies = [
    { name = "typing-extensions" },
]
sdist = { url = "https://files.pythonhosted.org/packages/fc/01/f3e5ac5e7c25833db5eb555f7b7ab24cd6f8c322d3a3ad2d67a952dc0abc/pydantic_core-2.27.2.tar.gz", hash = "sha256:eb026e5a4c1fee05726072337ff51d1efb6f59090b7da90d30ea58625b1ffb39", size = 413443, upload-time = "2024-12-18T11:31:54.917Z" }
wheels = [
    { url = "https://files.pythonhosted.org/packages/c2/89/f3450af9d09d44eea1f2c369f49e8f181d742f28220f88cc4dfaae91ea6e/pydantic_core-2.27.2-cp311-cp311-macosx_10_12_x86_64.whl", hash = "sha256:8e10c99ef58cfdf2a66fc15d66b16c4a04f62bca39db589ae8cba08bc55331bc", size = 1893421, upload-time = "2024-12-18T11:27:55.409Z" },
    { url = "https://files.pythonhosted.org/packages/9e/e3/71fe85af2021f3f386da42d291412e5baf6ce7716bd7101ea49c810eda90/pydantic_core-2.27.2-cp311-cp311-macosx_11_0_arm64.whl", hash = "sha256:26f32e0adf166a84d0cb63be85c562ca8a6fa8de28e5f0d92250c6b7e9e2aff7", size = 1814998, upload-time = "2024-12-18T11:27:57.252Z" },
    { url = "https://files.pythonhosted.org/packages/a6/3c/724039e0d848fd69dbf5806894e26479577316c6f0f112bacaf67aa889ac/pydantic_core-2.27.2-cp311-cp311-manylinux_2_17_aarch64.manylinux2014_aarch64.whl", hash = "sha256:8c19d1ea0673cd13cc2f872f6c9ab42acc4e4f492a7ca9d3795ce2b112dd7e15", size = 1826167, upload-time = "2024-12-18T11:27:59.146Z" },
    { url = "https://files.pythonhosted.org/packages/2b/5b/1b29e8c1fb5f3199a9a57c1452004ff39f494bbe9bdbe9a81e18172e40d3/pydantic_core-2.27.2-cp311-cp311-manylinux_2_17_armv7l.manylinux2014_armv7l.whl", hash = "sha256:5e68c4446fe0810e959cdff46ab0a41ce2f2c86d227d96dc3847af0ba7def306", size = 1865071, upload-time = "2024-12-18T11:28:02.625Z" },
    { url = "https://files.pythonhosted.org/packages/89/6c/3985203863d76bb7d7266e36970d7e3b6385148c18a68cc8915fd8c84d57/pydantic_core-2.27.2-cp311-cp311-manylinux_2_17_ppc64le.manylinux2014_ppc64le.whl", hash = "sha256:d9640b0059ff4f14d1f37321b94061c6db164fbe49b334b31643e0528d100d99", size = 2036244, upload-time = "2024-12-18T11:28:04.442Z" },
    { url = "https://files.pythonhosted.org/packages/0e/41/f15316858a246b5d723f7d7f599f79e37493b2e84bfc789e58d88c209f8a/pydantic_core-2.27.2-cp311-cp311-manylinux_2_17_s390x.manylinux2014_s390x.whl", hash = "sha256:40d02e7d45c9f8af700f3452f329ead92da4c5f4317ca9b896de7ce7199ea459", size = 2737470, upload-time = "2024-12-18T11:28:07.679Z" },
    { url = "https://files.pythonhosted.org/packages/a8/7c/b860618c25678bbd6d1d99dbdfdf0510ccb50790099b963ff78a124b754f/pydantic_core-2.27.2-cp311-cp311-manylinux_2_17_x86_64.manylinux2014_x86_64.whl", hash = "sha256:1c1fd185014191700554795c99b347d64f2bb637966c4cfc16998a0ca700d048", size = 1992291, upload-time = "2024-12-18T11:28:10.297Z" },
    { url = "https://files.pythonhosted.org/packages/bf/73/42c3742a391eccbeab39f15213ecda3104ae8682ba3c0c28069fbcb8c10d/pydantic_core-2.27.2-cp311-cp311-manylinux_2_5_i686.manylinux1_i686.whl", hash = "sha256:d81d2068e1c1228a565af076598f9e7451712700b673de8f502f0334f281387d", size = 1994613, upload-time = "2024-12-18T11:28:13.362Z" },
    { url = "https://files.pythonhosted.org/packages/94/7a/941e89096d1175d56f59340f3a8ebaf20762fef222c298ea96d36a6328c5/pydantic_core-2.27.2-cp311-cp311-musllinux_1_1_aarch64.whl", hash = "sha256:1a4207639fb02ec2dbb76227d7c751a20b1a6b4bc52850568e52260cae64ca3b", size = 2002355, upload-time = "2024-12-18T11:28:16.587Z" },
    { url = "https://files.pythonhosted.org/packages/6e/95/2359937a73d49e336a5a19848713555605d4d8d6940c3ec6c6c0ca4dcf25/pydantic_core-2.27.2-cp311-cp311-musllinux_1_1_armv7l.whl", hash = "sha256:3de3ce3c9ddc8bbd88f6e0e304dea0e66d843ec9de1b0042b0911c1663ffd474", size = 2126661, upload-time = "2024-12-18T11:28:18.407Z" },
    { url = "https://files.pythonhosted.org/packages/2b/4c/ca02b7bdb6012a1adef21a50625b14f43ed4d11f1fc237f9d7490aa5078c/pydantic_core-2.27.2-cp311-cp311-musllinux_1_1_x86_64.whl", hash = "sha256:30c5f68ded0c36466acede341551106821043e9afaad516adfb6e8fa80a4e6a6", size = 2153261, upload-time = "2024-12-18T11:28:21.471Z" },
    { url = "https://files.pythonhosted.org/packages/72/9d/a241db83f973049a1092a079272ffe2e3e82e98561ef6214ab53fe53b1c7/pydantic_core-2.27.2-cp311-cp311-win32.whl", hash = "sha256:c70c26d2c99f78b125a3459f8afe1aed4d9687c24fd677c6a4436bc042e50d6c", size = 1812361, upload-time = "2024-12-18T11:28:23.53Z" },
    { url = "https://files.pythonhosted.org/packages/e8/ef/013f07248041b74abd48a385e2110aa3a9bbfef0fbd97d4e6d07d2f5b89a/pydantic_core-2.27.2-cp311-cp311-win_amd64.whl", hash = "sha256:08e125dbdc505fa69ca7d9c499639ab6407cfa909214d500897d02afb816e7cc", size = 1982484, upload-time = "2024-12-18T11:28:25.391Z" },
    { url = "https://files.pythonhosted.org/packages/10/1c/16b3a3e3398fd29dca77cea0a1d998d6bde3902fa2706985191e2313cc76/pydantic_core-2.27.2-cp311-cp311-win_arm64.whl", hash = "sha256:26f0d68d4b235a2bae0c3fc585c585b4ecc51382db0e3ba402a22cbc440915e4", size = 1867102, upload-time = "2024-12-18T11:28:28.593Z" },
]

[[package]]
name = "pydantic-numpy"
version = "4.2.0"
source = { registry = "https://pypi.org/simple" }
dependencies = [
    { name = "compress-pickle", extra = ["lz4"] },
    { name = "numpy" },
    { name = "pydantic" },
    { name = "ruamel-yaml" },
    { name = "semver" },
]
sdist = { url = "https://files.pythonhosted.org/packages/81/54/0389db57ac9afd6d4988bdab56b53707bfa9a12726ce5b45cda2903c4903/pydantic_numpy-4.2.0.tar.gz", hash = "sha256:0f8f8a90b9d308a567c175de7a32fdf9bd9a938af7e85eaea27899562127aa2c", size = 13928, upload-time = "2024-02-24T15:32:33.98Z" }
wheels = [
    { url = "https://files.pythonhosted.org/packages/0b/f3/fe142956f1fb9815b8d5a4f3b2d5f80bcdbb2d96ea6adf5373af20ca498d/pydantic_numpy-4.2.0-py3-none-any.whl", hash = "sha256:9c81ca03ee10cb50fa098acc030a1a9f070570e346aa6b415077823f057526de", size = 18296, upload-time = "2024-02-24T15:32:32.225Z" },
]

[[package]]
name = "pyes"
version = "2.0.16b0"
source = { virtual = "." }
dependencies = [
    { name = "libeq" },
    { name = "openpyxl" },
    { name = "pandas" },
    { name = "ppg" },
    { name = "pyinstaller" },
    { name = "pyqtgraph" },
    { name = "pyside6-essentials" },
]

[package.dev-dependencies]
dev = [
    { name = "ruff" },
]

[package.metadata]
requires-dist = [
    { name = "libeq", git = "https://github.com/Kastakin/libeq.git" },
    { name = "openpyxl", specifier = ">=3.0.9,<4.0.0" },
    { name = "pandas", specifier = ">=1.5.0,<2.0.0" },
    { name = "ppg", git = "ssh://git@github.com/Kastakin/ppg.git?rev=main" },
    { name = "pyinstaller", specifier = ">=5,<7" },
    { name = "pyqtgraph", specifier = ">=0.13.0,<1.0.0" },
    { name = "pyside6-essentials", specifier = ">=6.8,<6.9" },
]

[package.metadata.requires-dev]
dev = [{ name = "ruff", specifier = ">=0.14.4" }]

[[package]]
name = "pyinstaller"
version = "6.11.1"
source = { registry = "https://pypi.org/simple" }
dependencies = [
    { name = "altgraph" },
    { name = "macholib", marker = "sys_platform == 'darwin'" },
    { name = "packaging" },
    { name = "pefile", marker = "sys_platform == 'win32'" },
    { name = "pyinstaller-hooks-contrib" },
    { name = "pywin32-ctypes", marker = "sys_platform == 'win32'" },
    { name = "setuptools" },
]
sdist = { url = "https://files.pythonhosted.org/packages/55/d4/54f5f5c73b803e6256ea97ffc6ba8a305d9a5f57f85f9b00b282512bf18a/pyinstaller-6.11.1.tar.gz", hash = "sha256:491dfb4d9d5d1d9650d9507daec1ff6829527a254d8e396badd60a0affcb72ef", size = 4249772, upload-time = "2024-11-10T17:01:25.415Z" }
wheels = [
    { url = "https://files.pythonhosted.org/packages/96/15/b0f1c0985ee32fcd2f6ad9a486ef94e4db3fef9af025a3655e76cb708009/pyinstaller-6.11.1-py3-none-macosx_10_13_universal2.whl", hash = "sha256:44e36172de326af6d4e7663b12f71dbd34e2e3e02233e181e457394423daaf03", size = 991780, upload-time = "2024-11-10T17:00:17.242Z" },
    { url = "https://files.pythonhosted.org/packages/fd/0f/9f54cb18abe2b1d89051bc9214c0cb40d7b5f4049c151c315dacc067f4a2/pyinstaller-6.11.1-py3-none-manylinux2014_aarch64.whl", hash = "sha256:6d12c45a29add78039066a53fb05967afaa09a672426072b13816fe7676abfc4", size = 711739, upload-time = "2024-11-10T17:00:21.734Z" },
    { url = "https://files.pythonhosted.org/packages/32/f7/79d10830780eff8339bfa793eece1df4b2459e35a712fc81983e8536cc29/pyinstaller-6.11.1-py3-none-manylinux2014_i686.whl", hash = "sha256:ddc0fddd75f07f7e423da1f0822e389a42af011f9589e0269b87e0d89aa48c1f", size = 714053, upload-time = "2024-11-10T17:00:25.773Z" },
    { url = "https://files.pythonhosted.org/packages/25/f7/9961ef02cdbd2dbb1b1a215292656bd0ea72a83aafd8fb6373513849711e/pyinstaller-6.11.1-py3-none-manylinux2014_ppc64le.whl", hash = "sha256:0d6475559c4939f0735122989611d7f739ed3bf02f666ce31022928f7a7e4fda", size = 719133, upload-time = "2024-11-10T17:00:30.342Z" },
    { url = "https://files.pythonhosted.org/packages/6f/4d/7f854842a1ce798de762a0b0bc5d5a4fc26ad06164a98575dc3c54abed1f/pyinstaller-6.11.1-py3-none-manylinux2014_s390x.whl", hash = "sha256:e21c7806e34f40181e7606926a14579f848bfb1dc52cbca7eea66eccccbfe977", size = 709591, upload-time = "2024-11-10T17:00:34.932Z" },
    { url = "https://files.pythonhosted.org/packages/7f/e0/00d29fc90c3ba50620c61554e26ebb4d764569507be7cd1c8794aa696f9a/pyinstaller-6.11.1-py3-none-manylinux2014_x86_64.whl", hash = "sha256:32c742a24fe65d0702958fadf4040f76de85859c26bec0008766e5dbabc5b68f", size = 710068, upload-time = "2024-11-10T17:00:39.655Z" },
    { url = "https://files.pythonhosted.org/packages/3e/57/d14b44a69f068d2caaee49d15e45f9fa0f37c6a2d2ad778c953c1722a1ca/pyinstaller-6.11.1-py3-none-musllinux_1_1_aarch64.whl", hash = "sha256:208c0ef6dab0837a0a273ea32d1a3619a208e3d1fe3fec3785eea71a77fd00ce", size = 714439, upload-time = "2024-11-10T17:00:43.838Z" },
    { url = "https://files.pythonhosted.org/packages/88/01/256824bb57ca208099c86c2fb289f888ca7732580e91ced48fa14e5903b2/pyinstaller-6.11.1-py3-none-musllinux_1_1_x86_64.whl", hash = "sha256:ad84abf465bcda363c1d54eafa76745d77b6a8a713778348377dc98d12a452f7", size = 710457, upload-time = "2024-11-10T17:00:47.89Z" },
    { url = "https://files.pythonhosted.org/packages/7c/f0/98c9138f5f0ff17462f1ad6d712dcfa643b9a283d6238d464d8145bc139d/pyinstaller-6.11.1-py3-none-win32.whl", hash = "sha256:2e8365276c5131c9bef98e358fbc305e4022db8bedc9df479629d6414021956a", size = 1280261, upload-time = "2024-11-10T17:00:54.688Z" },
    { url = "https://files.pythonhosted.org/packages/7d/08/f43080614b3e8bce481d4dfd580e579497c7dcdaf87656d9d2ad912e5796/pyinstaller-6.11.1-py3-none-win_amd64.whl", hash = "sha256:7ac83c0dc0e04357dab98c487e74ad2adb30e7eb186b58157a8faf46f1fa796f", size = 1340482, upload-time = "2024-11-10T17:01:01.62Z" },
    { url = "https://files.pythonhosted.org/packages/ed/56/953c6594cb66e249563854c9cc04ac5a055c6c99d1614298feeaeaa9b87e/pyinstaller-6.11.1-py3-none-win_arm64.whl", hash = "sha256:35e6b8077d240600bb309ed68bb0b1453fd2b7ab740b66d000db7abae6244423", size = 1267519, upload-time = "2024-11-10T17:01:08.525Z" },
]

[[package]]
name = "pyinstaller-hooks-contrib"
version = "2024.10"
source = { registry = "https://pypi.org/simple" }
dependencies = [
    { name = "packaging" },
    { name = "setuptools" },
]
sdist = { url = "https://files.pythonhosted.org/packages/73/6a/9d0057e312b85fbd17a79e1c1955d115fd9bbc78b85bab757777c8ef2307/pyinstaller_hooks_contrib-2024.10.tar.gz", hash = "sha256:8a46655e5c5b0186b5e527399118a9b342f10513eb1425c483fa4f6d02e8800c", size = 140592, upload-time = "2024-11-10T17:57:44.795Z" }
wheels = [
    { url = "https://files.pythonhosted.org/packages/a9/64/445861ee7a5fd32874c0f6cfe8222aacc8feda22539332e0d8ff50dadec6/pyinstaller_hooks_contrib-2024.10-py3-none-any.whl", hash = "sha256:ad47db0e153683b4151e10d231cb91f2d93c85079e78d76d9e0f57ac6c8a5e10", size = 338417, upload-time = "2024-11-10T17:57:42.706Z" },
]

[[package]]
name = "pyqtgraph"
version = "0.13.7"
source = { registry = "https://pypi.org/simple" }
dependencies = [
    { name = "numpy" },
]
sdist = { url = "https://files.pythonhosted.org/packages/33/d9/b62d5cddb3caa6e5145664bee5ed90223dee23ca887ed3ee479f2609e40a/pyqtgraph-0.13.7.tar.gz", hash = "sha256:64f84f1935c6996d0e09b1ee66fe478a7771e3ca6f3aaa05f00f6e068321d9e3", size = 2343380, upload-time = "2024-04-29T02:18:58.467Z" }
wheels = [
    { url = "https://files.pythonhosted.org/packages/7b/34/5702b3b7cafe99be1d94b42f100e8cc5e6957b761fcb1cf5f72d492851da/pyqtgraph-0.13.7-py3-none-any.whl", hash = "sha256:7754edbefb6c367fa0dfb176e2d0610da3ada20aa7a5318516c74af5fb72bf7a", size = 1925473, upload-time = "2024-04-29T02:18:56.206Z" },
]

[[package]]
name = "pyside6-essentials"
version = "6.8.1"
source = { registry = "https://pypi.org/simple" }
dependencies = [
    { name = "shiboken6" },
]
wheels = [
    { url = "https://files.pythonhosted.org/packages/2c/b9/1de4473bc02b9bd325b996352f88db3a235e7e227a3d6a8bd6d3744ebb52/PySide6_Essentials-6.8.1-cp39-abi3-macosx_12_0_universal2.whl", hash = "sha256:bd05155245e3cd1572e68d72772e78fadfd713575bbfdd2c5e060d5278e390e9", size = 164790658, upload-time = "2024-12-02T08:39:25.101Z" },
    { url = "https://files.pythonhosted.org/packages/b1/cc/5af1e0c0306cd75864fba49934977d0a96bec4b293b2244f6f80460c2ff5/PySide6_Essentials-6.8.1-cp39-abi3-manylinux_2_28_x86_64.whl", hash = "sha256:2f600b149e65b57acd6a444edb17615adc42cc2491548ae443ccb574036d86b1", size = 95271238, upload-time = "2024-12-02T08:40:13.922Z" },
    { url = "https://files.pythonhosted.org/packages/49/65/21e45a27ec195e01b7af9935e8fa207c30f6afd5389e563fa4be2558281b/PySide6_Essentials-6.8.1-cp39-abi3-manylinux_2_39_aarch64.whl", hash = "sha256:bf8a3c9ee0b997eb18fb00cb09aacaa28b8a51ce3c295a252cc594c5530aba56", size = 93125810, upload-time = "2024-12-02T08:40:57.589Z" },
    { url = "https://files.pythonhosted.org/packages/6c/6f/bdc288149c92664a487816055ba55fa5884f1e07bc35b66c5d22530d0a6d/PySide6_Essentials-6.8.1-cp39-abi3-win_amd64.whl", hash = "sha256:d5ed4ddb149f36d65bc49ae4260b2d213ee88b2d9a309012ae27f38158c2d1b6", size = 72570590, upload-time = "2024-12-02T08:41:32.36Z" },
]

[[package]]
name = "python-dateutil"
version = "2.9.0.post0"
source = { registry = "https://pypi.org/simple" }
dependencies = [
    { name = "six" },
]
sdist = { url = "https://files.pythonhosted.org/packages/66/c0/0c8b6ad9f17a802ee498c46e004a0eb49bc148f2fd230864601a86dcf6db/python-dateutil-2.9.0.post0.tar.gz", hash = "sha256:37dd54208da7e1cd875388217d5e00ebd4179249f90fb72437e91a35459a0ad3", size = 342432, upload-time = "2024-03-01T18:36:20.211Z" }
wheels = [
    { url = "https://files.pythonhosted.org/packages/ec/57/56b9bcc3c9c6a792fcbaf139543cee77261f3651ca9da0c93f5c1221264b/python_dateutil-2.9.0.post0-py2.py3-none-any.whl", hash = "sha256:a8b2bc7bffae282281c8140a97d3aa9c14da0b136dfe83f850eea9a5f7470427", size = 229892, upload-time = "2024-03-01T18:36:18.57Z" },
]

[[package]]
name = "pytz"
version = "2024.2"
source = { registry = "https://pypi.org/simple" }
sdist = { url = "https://files.pythonhosted.org/packages/3a/31/3c70bf7603cc2dca0f19bdc53b4537a797747a58875b552c8c413d963a3f/pytz-2024.2.tar.gz", hash = "sha256:2aa355083c50a0f93fa581709deac0c9ad65cca8a9e9beac660adcbd493c798a", size = 319692, upload-time = "2024-09-11T02:24:47.91Z" }
wheels = [
    { url = "https://files.pythonhosted.org/packages/11/c3/005fcca25ce078d2cc29fd559379817424e94885510568bc1bc53d7d5846/pytz-2024.2-py2.py3-none-any.whl", hash = "sha256:31c7c1817eb7fae7ca4b8c7ee50c72f93aa2dd863de768e1ef4245d426aa0725", size = 508002, upload-time = "2024-09-11T02:24:45.8Z" },
]

[[package]]
name = "pywin32-ctypes"
version = "0.2.3"
source = { registry = "https://pypi.org/simple" }
sdist = { url = "https://files.pythonhosted.org/packages/85/9f/01a1a99704853cb63f253eea009390c88e7131c67e66a0a02099a8c917cb/pywin32-ctypes-0.2.3.tar.gz", hash = "sha256:d162dc04946d704503b2edc4d55f3dba5c1d539ead017afa00142c38b9885755", size = 29471, upload-time = "2024-08-14T10:15:34.626Z" }
wheels = [
    { url = "https://files.pythonhosted.org/packages/de/3d/8161f7711c017e01ac9f008dfddd9410dff3674334c233bde66e7ba65bbf/pywin32_ctypes-0.2.3-py3-none-any.whl", hash = "sha256:8a1513379d709975552d202d942d9837758905c8d01eb82b8bcc30918929e7b8", size = 30756, upload-time = "2024-08-14T10:15:33.187Z" },
]

[[package]]
name = "ruamel-yaml"
version = "0.18.10"
source = { registry = "https://pypi.org/simple" }
dependencies = [
    { name = "ruamel-yaml-clib", marker = "platform_python_implementation == 'CPython'" },
]
sdist = { url = "https://files.pythonhosted.org/packages/ea/46/f44d8be06b85bc7c4d8c95d658be2b68f27711f279bf9dd0612a5e4794f5/ruamel.yaml-0.18.10.tar.gz", hash = "sha256:20c86ab29ac2153f80a428e1254a8adf686d3383df04490514ca3b79a362db58", size = 143447, upload-time = "2025-01-06T14:08:51.334Z" }
wheels = [
    { url = "https://files.pythonhosted.org/packages/c2/36/dfc1ebc0081e6d39924a2cc53654497f967a084a436bb64402dfce4254d9/ruamel.yaml-0.18.10-py3-none-any.whl", hash = "sha256:30f22513ab2301b3d2b577adc121c6471f28734d3d9728581245f1e76468b4f1", size = 117729, upload-time = "2025-01-06T14:08:47.471Z" },
]

[[package]]
name = "ruamel-yaml-clib"
version = "0.2.12"
source = { registry = "https://pypi.org/simple" }
sdist = { url = "https://files.pythonhosted.org/packages/20/84/80203abff8ea4993a87d823a5f632e4d92831ef75d404c9fc78d0176d2b5/ruamel.yaml.clib-0.2.12.tar.gz", hash = "sha256:6c8fbb13ec503f99a91901ab46e0b07ae7941cd527393187039aec586fdfd36f", size = 225315, upload-time = "2024-10-20T10:10:56.22Z" }
wheels = [
    { url = "https://files.pythonhosted.org/packages/fb/8f/683c6ad562f558cbc4f7c029abcd9599148c51c54b5ef0f24f2638da9fbb/ruamel.yaml.clib-0.2.12-cp311-cp311-macosx_13_0_arm64.whl", hash = "sha256:4a6679521a58256a90b0d89e03992c15144c5f3858f40d7c18886023d7943db6", size = 132224, upload-time = "2024-10-20T10:12:45.162Z" },
    { url = "https://files.pythonhosted.org/packages/3c/d2/b79b7d695e2f21da020bd44c782490578f300dd44f0a4c57a92575758a76/ruamel.yaml.clib-0.2.12-cp311-cp311-manylinux2014_aarch64.whl", hash = "sha256:d84318609196d6bd6da0edfa25cedfbabd8dbde5140a0a23af29ad4b8f91fb1e", size = 641480, upload-time = "2024-10-20T10:12:46.758Z" },
    { url = "https://files.pythonhosted.org/packages/68/6e/264c50ce2a31473a9fdbf4fa66ca9b2b17c7455b31ef585462343818bd6c/ruamel.yaml.clib-0.2.12-cp311-cp311-manylinux_2_17_x86_64.manylinux2014_x86_64.whl", hash = "sha256:bb43a269eb827806502c7c8efb7ae7e9e9d0573257a46e8e952f4d4caba4f31e", size = 739068, upload-time = "2024-10-20T10:12:48.605Z" },
    { url = "https://files.pythonhosted.org/packages/86/29/88c2567bc893c84d88b4c48027367c3562ae69121d568e8a3f3a8d363f4d/ruamel.yaml.clib-0.2.12-cp311-cp311-manylinux_2_5_i686.manylinux1_i686.manylinux_2_17_i686.manylinux2014_i686.whl", hash = "sha256:811ea1594b8a0fb466172c384267a4e5e367298af6b228931f273b111f17ef52", size = 703012, upload-time = "2024-10-20T10:12:51.124Z" },
    { url = "https://files.pythonhosted.org/packages/11/46/879763c619b5470820f0cd6ca97d134771e502776bc2b844d2adb6e37753/ruamel.yaml.clib-0.2.12-cp311-cp311-musllinux_1_1_i686.whl", hash = "sha256:cf12567a7b565cbf65d438dec6cfbe2917d3c1bdddfce84a9930b7d35ea59642", size = 704352, upload-time = "2024-10-21T11:26:41.438Z" },
    { url = "https://files.pythonhosted.org/packages/02/80/ece7e6034256a4186bbe50dee28cd032d816974941a6abf6a9d65e4228a7/ruamel.yaml.clib-0.2.12-cp311-cp311-musllinux_1_1_x86_64.whl", hash = "sha256:7dd5adc8b930b12c8fc5b99e2d535a09889941aa0d0bd06f4749e9a9397c71d2", size = 737344, upload-time = "2024-10-21T11:26:43.62Z" },
    { url = "https://files.pythonhosted.org/packages/f0/ca/e4106ac7e80efbabdf4bf91d3d32fc424e41418458251712f5672eada9ce/ruamel.yaml.clib-0.2.12-cp311-cp311-musllinux_1_2_aarch64.whl", hash = "sha256:1492a6051dab8d912fc2adeef0e8c72216b24d57bd896ea607cb90bb0c4981d3", size = 714498, upload-time = "2024-12-11T19:58:15.592Z" },
    { url = "https://files.pythonhosted.org/packages/67/58/b1f60a1d591b771298ffa0428237afb092c7f29ae23bad93420b1eb10703/ruamel.yaml.clib-0.2.12-cp311-cp311-win32.whl", hash = "sha256:bd0a08f0bab19093c54e18a14a10b4322e1eacc5217056f3c063bd2f59853ce4", size = 100205, upload-time = "2024-10-20T10:12:52.865Z" },
    { url = "https://files.pythonhosted.org/packages/b4/4f/b52f634c9548a9291a70dfce26ca7ebce388235c93588a1068028ea23fcc/ruamel.yaml.clib-0.2.12-cp311-cp311-win_amd64.whl", hash = "sha256:a274fb2cb086c7a3dea4322ec27f4cb5cc4b6298adb583ab0e211a4682f241eb", size = 118185, upload-time = "2024-10-20T10:12:54.652Z" },
]

[[package]]
name = "ruff"
version = "0.14.4"
source = { registry = "https://pypi.org/simple" }
sdist = { url = "https://files.pythonhosted.org/packages/df/55/cccfca45157a2031dcbb5a462a67f7cf27f8b37d4b3b1cd7438f0f5c1df6/ruff-0.14.4.tar.gz", hash = "sha256:f459a49fe1085a749f15414ca76f61595f1a2cc8778ed7c279b6ca2e1fd19df3", size = 5587844, upload-time = "2025-11-06T22:07:45.033Z" }
wheels = [
    { url = "https://files.pythonhosted.org/packages/17/b9/67240254166ae1eaa38dec32265e9153ac53645a6c6670ed36ad00722af8/ruff-0.14.4-py3-none-linux_armv6l.whl", hash = "sha256:e6604613ffbcf2297cd5dcba0e0ac9bd0c11dc026442dfbb614504e87c349518", size = 12606781, upload-time = "2025-11-06T22:07:01.841Z" },
    { url = "https://files.pythonhosted.org/packages/46/c8/09b3ab245d8652eafe5256ab59718641429f68681ee713ff06c5c549f156/ruff-0.14.4-py3-none-macosx_10_12_x86_64.whl", hash = "sha256:d99c0b52b6f0598acede45ee78288e5e9b4409d1ce7f661f0fa36d4cbeadf9a4", size = 12946765, upload-time = "2025-11-06T22:07:05.858Z" },
    { url = "https://files.pythonhosted.org/packages/14/bb/1564b000219144bf5eed2359edc94c3590dd49d510751dad26202c18a17d/ruff-0.14.4-py3-none-macosx_11_0_arm64.whl", hash = "sha256:9358d490ec030f1b51d048a7fd6ead418ed0826daf6149e95e30aa67c168af33", size = 11928120, upload-time = "2025-11-06T22:07:08.023Z" },
    { url = "https://files.pythonhosted.org/packages/a3/92/d5f1770e9988cc0742fefaa351e840d9aef04ec24ae1be36f333f96d5704/ruff-0.14.4-py3-none-manylinux_2_17_aarch64.manylinux2014_aarch64.whl", hash = "sha256:81b40d27924f1f02dfa827b9c0712a13c0e4b108421665322218fc38caf615c2", size = 12370877, upload-time = "2025-11-06T22:07:10.015Z" },
    { url = "https://files.pythonhosted.org/packages/e2/29/e9282efa55f1973d109faf839a63235575519c8ad278cc87a182a366810e/ruff-0.14.4-py3-none-manylinux_2_17_armv7l.manylinux2014_armv7l.whl", hash = "sha256:f5e649052a294fe00818650712083cddc6cc02744afaf37202c65df9ea52efa5", size = 12408538, upload-time = "2025-11-06T22:07:13.085Z" },
    { url = "https://files.pythonhosted.org/packages/8e/01/930ed6ecfce130144b32d77d8d69f5c610e6d23e6857927150adf5d7379a/ruff-0.14.4-py3-none-manylinux_2_17_i686.manylinux2014_i686.whl", hash = "sha256:aa082a8f878deeba955531f975881828fd6afd90dfa757c2b0808aadb437136e", size = 13141942, upload-time = "2025-11-06T22:07:15.386Z" },
    { url = "https://files.pythonhosted.org/packages/6a/46/a9c89b42b231a9f487233f17a89cbef9d5acd538d9488687a02ad288fa6b/ruff-0.14.4-py3-none-manylinux_2_17_ppc64.manylinux2014_ppc64.whl", hash = "sha256:1043c6811c2419e39011890f14d0a30470f19d47d197c4858b2787dfa698f6c8", size = 14544306, upload-time = "2025-11-06T22:07:17.631Z" },
    { url = "https://files.pythonhosted.org/packages/78/96/9c6cf86491f2a6d52758b830b89b78c2ae61e8ca66b86bf5a20af73d20e6/ruff-0.14.4-py3-none-manylinux_2_17_ppc64le.manylinux2014_ppc64le.whl", hash = "sha256:a9f3a936ac27fb7c2a93e4f4b943a662775879ac579a433291a6f69428722649", size = 14210427, upload-time = "2025-11-06T22:07:19.832Z" },
    { url = "https://files.pythonhosted.org/packages/71/f4/0666fe7769a54f63e66404e8ff698de1dcde733e12e2fd1c9c6efb689cb5/ruff-0.14.4-py3-none-manylinux_2_17_s390x.manylinux2014_s390x.whl", hash = "sha256:95643ffd209ce78bc113266b88fba3d39e0461f0cbc8b55fb92505030fb4a850", size = 13658488, upload-time = "2025-11-06T22:07:22.32Z" },
    { url = "https://files.pythonhosted.org/packages/ee/79/6ad4dda2cfd55e41ac9ed6d73ef9ab9475b1eef69f3a85957210c74ba12c/ruff-0.14.4-py3-none-manylinux_2_17_x86_64.manylinux2014_x86_64.whl", hash = "sha256:456daa2fa1021bc86ca857f43fe29d5d8b3f0e55e9f90c58c317c1dcc2afc7b5", size = 13354908, upload-time = "2025-11-06T22:07:24.347Z" },
    { url = "https://files.pythonhosted.org/packages/b5/60/f0b6990f740bb15c1588601d19d21bcc1bd5de4330a07222041678a8e04f/ruff-0.14.4-py3-none-manylinux_2_31_riscv64.whl", hash = "sha256:f911bba769e4a9f51af6e70037bb72b70b45a16db5ce73e1f72aefe6f6d62132", size = 13587803, upload-time = "2025-11-06T22:07:26.327Z" },
    { url = "https://files.pythonhosted.org/packages/c9/da/eaaada586f80068728338e0ef7f29ab3e4a08a692f92eb901a4f06bbff24/ruff-0.14.4-py3-none-musllinux_1_2_aarch64.whl", hash = "sha256:76158a7369b3979fa878612c623a7e5430c18b2fd1c73b214945c2d06337db67", size = 12279654, upload-time = "2025-11-06T22:07:28.46Z" },
    { url = "https://files.pythonhosted.org/packages/66/d4/b1d0e82cf9bf8aed10a6d45be47b3f402730aa2c438164424783ac88c0ed/ruff-0.14.4-py3-none-musllinux_1_2_armv7l.whl", hash = "sha256:f3b8f3b442d2b14c246e7aeca2e75915159e06a3540e2f4bed9f50d062d24469", size = 12357520, upload-time = "2025-11-06T22:07:31.468Z" },
    { url = "https://files.pythonhosted.org/packages/04/f4/53e2b42cc82804617e5c7950b7079d79996c27e99c4652131c6a1100657f/ruff-0.14.4-py3-none-musllinux_1_2_i686.whl", hash = "sha256:c62da9a06779deecf4d17ed04939ae8b31b517643b26370c3be1d26f3ef7dbde", size = 12719431, upload-time = "2025-11-06T22:07:33.831Z" },
    { url = "https://files.pythonhosted.org/packages/a2/94/80e3d74ed9a72d64e94a7b7706b1c1ebaa315ef2076fd33581f6a1cd2f95/ruff-0.14.4-py3-none-musllinux_1_2_x86_64.whl", hash = "sha256:5a443a83a1506c684e98acb8cb55abaf3ef725078be40237463dae4463366349", size = 13464394, upload-time = "2025-11-06T22:07:35.905Z" },
    { url = "https://files.pythonhosted.org/packages/54/1a/a49f071f04c42345c793d22f6cf5e0920095e286119ee53a64a3a3004825/ruff-0.14.4-py3-none-win32.whl", hash = "sha256:643b69cb63cd996f1fc7229da726d07ac307eae442dd8974dbc7cf22c1e18fff", size = 12493429, upload-time = "2025-11-06T22:07:38.43Z" },
    { url = "https://files.pythonhosted.org/packages/bc/22/e58c43e641145a2b670328fb98bc384e20679b5774258b1e540207580266/ruff-0.14.4-py3-none-win_amd64.whl", hash = "sha256:26673da283b96fe35fa0c939bf8411abec47111644aa9f7cfbd3c573fb125d2c", size = 13635380, upload-time = "2025-11-06T22:07:40.496Z" },
    { url = "https://files.pythonhosted.org/packages/30/bd/4168a751ddbbf43e86544b4de8b5c3b7be8d7167a2a5cb977d274e04f0a1/ruff-0.14.4-py3-none-win_arm64.whl", hash = "sha256:dd09c292479596b0e6fec8cd95c65c3a6dc68e9ad17b8f2382130f87ff6a75bb", size = 12663065, upload-time = "2025-11-06T22:07:42.603Z" },
]

[[package]]
name = "semver"
version = "3.0.4"
source = { registry = "https://pypi.org/simple" }
sdist = { url = "https://files.pythonhosted.org/packages/72/d1/d3159231aec234a59dd7d601e9dd9fe96f3afff15efd33c1070019b26132/semver-3.0.4.tar.gz", hash = "sha256:afc7d8c584a5ed0a11033af086e8af226a9c0b206f313e0301f8dd7b6b589602", size = 269730, upload-time = "2025-01-24T13:19:27.617Z" }
wheels = [
    { url = "https://files.pythonhosted.org/packages/a6/24/4d91e05817e92e3a61c8a21e08fd0f390f5301f1c448b137c57c4bc6e543/semver-3.0.4-py3-none-any.whl", hash = "sha256:9c824d87ba7f7ab4a1890799cec8596f15c1241cb473404ea1cb0c55e4b04746", size = 17912, upload-time = "2025-01-24T13:19:24.949Z" },
]

[[package]]
name = "setuptools"
version = "75.6.0"
source = { registry = "https://pypi.org/simple" }
sdist = { url = "https://files.pythonhosted.org/packages/43/54/292f26c208734e9a7f067aea4a7e282c080750c4546559b58e2e45413ca0/setuptools-75.6.0.tar.gz", hash = "sha256:8199222558df7c86216af4f84c30e9b34a61d8ba19366cc914424cdbd28252f6", size = 1337429, upload-time = "2024-11-20T18:16:13.378Z" }
wheels = [
    { url = "https://files.pythonhosted.org/packages/55/21/47d163f615df1d30c094f6c8bbb353619274edccf0327b185cc2493c2c33/setuptools-75.6.0-py3-none-any.whl", hash = "sha256:ce74b49e8f7110f9bf04883b730f4765b774ef3ef28f722cce7c273d253aaf7d", size = 1224032, upload-time = "2024-11-20T18:16:10.861Z" },
]

[[package]]
name = "shiboken6"
version = "6.8.1"
source = { registry = "https://pypi.org/simple" }
wheels = [
    { url = "https://files.pythonhosted.org/packages/27/66/1acae15fe8126356e8ad460b5dfdc2a17af51de9044c1a3c0e4f9ae69356/shiboken6-6.8.1-cp39-abi3-macosx_12_0_universal2.whl", hash = "sha256:9a2f51d1ddd3b6d193a0f0fdc09f8d41f2092bc664723c9b9efc1056660d0608", size = 399604, upload-time = "2024-12-02T08:37:22.778Z" },
    { url = "https://files.pythonhosted.org/packages/58/21/e5af942e6fc5a8c6b973aac8d822415ac54041b6861c3d835be9d217f538/shiboken6-6.8.1-cp39-abi3-manylinux_2_28_x86_64.whl", hash = "sha256:1dc4c1976809b0e68872bb98474cccd590455bdcd015f0e0639907e94af27b6a", size = 203095, upload-time = "2024-12-02T08:37:24.302Z" },
    { url = "https://files.pythonhosted.org/packages/23/a1/711c7801386d49f9261eeace3f9dbe8f21b2d28b85d4d3b9e6342379c440/shiboken6-6.8.1-cp39-abi3-manylinux_2_39_aarch64.whl", hash = "sha256:ab5b60602ca6227103138aae89c4f5df3b1b8e249cbc8ec9e6e2a57f20ad9a91", size = 200113, upload-time = "2024-12-02T08:37:25.672Z" },
    { url = "https://files.pythonhosted.org/packages/2b/5f/3e9aa2b2fd1e24ff7e99717fa1ce3198556433e7ef611728e86f1fd70f94/shiboken6-6.8.1-cp39-abi3-win_amd64.whl", hash = "sha256:3ea127fd72be113b73cacd70e06687ad6f83c1c888047833c7dcdd5cf8e7f586", size = 1149267, upload-time = "2024-12-02T08:37:27.642Z" },
]

[[package]]
name = "six"
version = "1.17.0"
source = { registry = "https://pypi.org/simple" }
sdist = { url = "https://files.pythonhosted.org/packages/94/e7/b2c673351809dca68a0e064b6af791aa332cf192da575fd474ed7d6f16a2/six-1.17.0.tar.gz", hash = "sha256:ff70335d468e7eb6ec65b95b99d3a2836546063f63acc5171de367e834932a81", size = 34031, upload-time = "2024-12-04T17:35:28.174Z" }
wheels = [
    { url = "https://files.pythonhosted.org/packages/b7/ce/149a00dd41f10bc29e5921b496af8b574d8413afcd5e30dfa0ed46c2cc5e/six-1.17.0-py2.py3-none-any.whl", hash = "sha256:4721f391ed90541fddacab5acf947aa0d3dc7d27b2e1e8eda2be8970586c3274", size = 11050, upload-time = "2024-12-04T17:35:26.475Z" },
]

[[package]]
name = "typing-extensions"
version = "4.12.2"
source = { registry = "https://pypi.org/simple" }
sdist = { url = "https://files.pythonhosted.org/packages/df/db/f35a00659bc03fec321ba8bce9420de607a1d37f8342eee1863174c69557/typing_extensions-4.12.2.tar.gz", hash = "sha256:1a7ead55c7e559dd4dee8856e3a88b41225abfe1ce8df57b7c13915fe121ffb8", size = 85321, upload-time = "2024-06-07T18:52:15.995Z" }
wheels = [
    { url = "https://files.pythonhosted.org/packages/26/9f/ad63fc0248c5379346306f8668cda6e2e2e9c95e01216d2b8ffd9ff037d0/typing_extensions-4.12.2-py3-none-any.whl", hash = "sha256:04e5ca0351e0f3f85c6853954072df659d0d13fac324d0072316b67d7794700d", size = 37438, upload-time = "2024-06-07T18:52:13.582Z" },
]
